{
    "_meta": {
        "hash": {
            "sha256": "01e6f7d4f25e5849cc221b0ace390b9910c58af1424b07de2ae376b04be20cf5"
        },
        "pipfile-spec": 6,
        "requires": {},
        "sources": [
            {
                "name": "pypi",
                "url": "https://pypi.python.org/simple",
                "verify_ssl": true
            }
        ]
    },
    "default": {
        "accept": {
            "hashes": [
                "sha256:760241df3a6be5a5c4f00682a381280a8c3c7e0286fd55612f68d0f9e9dcfed4"
            ],
            "index": "pypi",
            "version": "==0.1.0"
        },
        "aioamqp": {
            "hashes": [
                "sha256:7f1eb9e0f1b7c7e21a3a6ca498c3daafdfc3e95b4a1a0633fd8d6ba2dfcab777",
                "sha256:abfdf3285e129a72c653fab6cff9a6e9132e9e1f755c073821b553bbc72e73c4"
            ],
            "index": "pypi",
            "version": "==0.11.0"
        },
        "aiohttp": {
            "hashes": [
                "sha256:1a3cee4cd10de0ce6c37d7a35f437baa70ca87272a0ccd3d3e1a0383de2f189a",
                "sha256:25983293a073ae530bd4027fb82a9f16fcfe48335873582946d2dc3ed64337f0",
                "sha256:33630a2dc90fee1e05bd1b57cde51d65b571c61494a1a91772c8bc0896acb5c8",
                "sha256:390c1a2c7799519b3755a6e3f660842c3b1544e92a10ecd309ea97ce5c8c713d",
                "sha256:52fcb205ab8a43ddaf182c928f84e998a02213139b2b2636a26249569d9518bd",
                "sha256:5c5de2bc5004c2c60e5f256978ad711c1fb4dca00890ac7884ed92c6aa520608",
                "sha256:65b61cec34628c5a2e047f93555d93c29f4e29169839b421f62206b9f317f7ae",
                "sha256:98f0172f7760597b636431b7651f020b8dba6a816b2d7e263afa54a4f2f4d0a6",
                "sha256:9fcef0489e3335b200d31a9c1fb6ba80fdafe14cd82b971168c2f9fa1e4508ad",
                "sha256:aeb5f0ef22896122fa5a84bf37202d3f6ee2404f12176608259bc408509f4883",
                "sha256:b03578ad3f5ba6fa8b8614bd3628c4c33de92bd23af95ebd8f4de66bac35d3d8",
                "sha256:bc50ec0dd5887844653ce5d2dd5dab93fd2e2af44d4be65d6d5306fb4039f2bf",
                "sha256:c7a55a2bf7433ddf753ed46cf5a733c787524a41b933799541075dd8db9ead1b",
                "sha256:f883507d537a838d496755a14a41f2c34c7af5f39d7627e15d6b2a27578705b7",
                "sha256:feb271ced50b689b2e4d969a5bfb0a1cfd0cc05dd11cdde4e42d93e009e0b900"
            ],
            "index": "pypi",
            "version": "==3.1.3"
        },
        "aioredis": {
            "hashes": [
                "sha256:84d62be729beb87118cf126c20b0e3f52d7a42bb7373dc5bcdd874f26f1f251a",
                "sha256:aee16aa5cb3f636cf8fa0e2b62d2f6abc90366e19b5c30e94a5471d834a55975"
            ],
            "index": "pypi",
            "version": "==1.2.0"
        },
        "aiosmtplib": {
            "hashes": [
                "sha256:296b8c504d0e448ab2a4075ef497dcf69fe02d0c2d3b2f4360219f36e934cd01",
                "sha256:a6c9f45bbfd4b7253e9a7cecfccffd9e038bae979843c8ba4bafdc996e472e54"
            ],
            "index": "pypi",
            "version": "==1.0.3"
        },
        "async-timeout": {
            "hashes": [
                "sha256:00cff4d2dce744607335cba84e9929c3165632da2d27970dbc55802a0c7873d0",
                "sha256:9093db5b8ddbe4b8f6885d1a6e0ad84ae3155464cbf6877c387605244c285f3c"
            ],
            "version": "==2.0.1"
        },
        "attrs": {
            "hashes": [
                "sha256:10cbf6e27dbce8c30807caf056c8eb50917e0eaafe86347671b57254006c3e69",
                "sha256:ca4be454458f9dec299268d472aaa5a11f67a4ff70093396e1ceae9c76cf4bbb"
            ],
            "version": "==18.2.0"
        },
        "beautifulsoup4": {
            "hashes": [
                "sha256:194ec62a25438adcb3fdb06378b26559eda1ea8a747367d34c33cef9c7f48d57",
                "sha256:90f8e61121d6ae58362ce3bed8cd997efb00c914eae0ff3d363c32f9a9822d10",
                "sha256:f0abd31228055d698bb392a826528ea08ebb9959e6bea17c606fd9c9009db938"
            ],
            "version": "==4.6.3"
        },
        "bs4": {
            "hashes": [
                "sha256:36ecea1fd7cc5c0c6e4a1ff075df26d50da647b75376626cc186e2212886dd3a"
            ],
            "index": "pypi",
            "version": "==0.0.1"
        },
        "certifi": {
            "hashes": [
                "sha256:339dc09518b07e2fa7eda5450740925974815557727d6bd35d319c1524a04a4c",
                "sha256:6d58c986d22b038c8c0df30d639f23a3e6d172a05c3583e766f4c0b785c0986a"
            ],
            "version": "==2018.10.15"
        },
        "cffi": {
            "hashes": [
                "sha256:151b7eefd035c56b2b2e1eb9963c90c6302dc15fbd8c1c0a83a163ff2c7d7743",
                "sha256:1553d1e99f035ace1c0544050622b7bc963374a00c467edafac50ad7bd276aef",
                "sha256:1b0493c091a1898f1136e3f4f991a784437fac3673780ff9de3bcf46c80b6b50",
                "sha256:2ba8a45822b7aee805ab49abfe7eec16b90587f7f26df20c71dd89e45a97076f",
                "sha256:3bb6bd7266598f318063e584378b8e27c67de998a43362e8fce664c54ee52d30",
                "sha256:3c85641778460581c42924384f5e68076d724ceac0f267d66c757f7535069c93",
                "sha256:3eb6434197633b7748cea30bf0ba9f66727cdce45117a712b29a443943733257",
                "sha256:495c5c2d43bf6cebe0178eb3e88f9c4aa48d8934aa6e3cddb865c058da76756b",
                "sha256:4c91af6e967c2015729d3e69c2e51d92f9898c330d6a851bf8f121236f3defd3",
                "sha256:57b2533356cb2d8fac1555815929f7f5f14d68ac77b085d2326b571310f34f6e",
                "sha256:770f3782b31f50b68627e22f91cb182c48c47c02eb405fd689472aa7b7aa16dc",
                "sha256:79f9b6f7c46ae1f8ded75f68cf8ad50e5729ed4d590c74840471fc2823457d04",
                "sha256:7a33145e04d44ce95bcd71e522b478d282ad0eafaf34fe1ec5bbd73e662f22b6",
                "sha256:857959354ae3a6fa3da6651b966d13b0a8bed6bbc87a0de7b38a549db1d2a359",
                "sha256:87f37fe5130574ff76c17cab61e7d2538a16f843bb7bca8ebbc4b12de3078596",
                "sha256:95d5251e4b5ca00061f9d9f3d6fe537247e145a8524ae9fd30a2f8fbce993b5b",
                "sha256:9d1d3e63a4afdc29bd76ce6aa9d58c771cd1599fbba8cf5057e7860b203710dd",
                "sha256:a36c5c154f9d42ec176e6e620cb0dd275744aa1d804786a71ac37dc3661a5e95",
                "sha256:a6a5cb8809091ec9ac03edde9304b3ad82ad4466333432b16d78ef40e0cce0d5",
                "sha256:ae5e35a2c189d397b91034642cb0eab0e346f776ec2eb44a49a459e6615d6e2e",
                "sha256:b0f7d4a3df8f06cf49f9f121bead236e328074de6449866515cea4907bbc63d6",
                "sha256:b75110fb114fa366b29a027d0c9be3709579602ae111ff61674d28c93606acca",
                "sha256:ba5e697569f84b13640c9e193170e89c13c6244c24400fc57e88724ef610cd31",
                "sha256:be2a9b390f77fd7676d80bc3cdc4f8edb940d8c198ed2d8c0be1319018c778e1",
                "sha256:ca1bd81f40adc59011f58159e4aa6445fc585a32bb8ac9badf7a2c1aa23822f2",
                "sha256:d5d8555d9bfc3f02385c1c37e9f998e2011f0db4f90e250e5bc0c0a85a813085",
                "sha256:e55e22ac0a30023426564b1059b035973ec82186ddddbac867078435801c7801",
                "sha256:e90f17980e6ab0f3c2f3730e56d1fe9bcba1891eeea58966e89d352492cc74f4",
                "sha256:ecbb7b01409e9b782df5ded849c178a0aa7c906cf8c5a67368047daab282b184",
                "sha256:ed01918d545a38998bfa5902c7c00e0fee90e957ce036a4000a88e3fe2264917",
                "sha256:edabd457cd23a02965166026fd9bfd196f4324fe6032e866d0f3bd0301cd486f",
                "sha256:fdf1c1dc5bafc32bc5d08b054f94d659422b05aba244d6be4ddc1c72d9aa70fb"
            ],
            "version": "==1.11.5"
        },
        "chardet": {
            "hashes": [
                "sha256:84ab92ed1c4d4f16916e05906b6b75a6c0fb5db821cc65e70cbd64a3e2a5eaae",
                "sha256:fc323ffcaeaed0e0a02bf4d117757b98aed530d9ed4531e3e15460124c106691"
            ],
            "version": "==3.0.4"
        },
        "colorama": {
            "hashes": [
                "sha256:a3d89af5db9e9806a779a50296b5fdb466e281147c2c235e8225ecc6dbf7bbf3",
                "sha256:c9b54bebe91a6a803e0772c8561d53f2926bfeb17cd141fbabcb08424086595c"
            ],
            "markers": "sys_platform == 'win32'",
            "version": "==0.4.0"
        },
        "colorlog": {
            "hashes": [
                "sha256:418db638c9577f37f0fae4914074f395847a728158a011be2a193ac491b9779d",
                "sha256:8b234ebae1ba1237bc79c0d5f1f47b31a3f3e90c0b4c2b0ebdde63a174d3b97b"
            ],
            "index": "pypi",
            "version": "==3.1.4"
        },
        "geoip2": {
            "hashes": [
                "sha256:a37ddac2d200ffb97c736da8b8ba9d5d8dc47da6ec0f162a461b681ecac53a14",
                "sha256:f7ffe9d258e71a42cf622ce6350d976de1d0312b9f2fbce3975c7d838b57ecf0"
            ],
            "index": "pypi",
            "version": "==2.9.0"
        },
        "gitdb2": {
            "hashes": [
                "sha256:83361131a1836661a155172932a13c08bda2db3674e4caa32368aa6eb02f38c2",
                "sha256:e3a0141c5f2a3f635c7209d56c496ebe1ad35da82fe4d3ec4aaa36278d70648a"
            ],
            "version": "==2.0.5"
        },
        "gitpython": {
            "hashes": [
                "sha256:3ebda1e6ff1ef68597e41dcd1b99c2a5ae902f4dc2b22ad3533cc89c32b42aad",
                "sha256:a15ff5c7d2d9bd95b40669f8beb199cf518594cd306291ffd157ce4ea4a5b9d2"
            ],
            "index": "pypi",
            "version": "==2.1.0"
        },
        "hiredis": {
            "hashes": [
                "sha256:013c4e31be95bd5d9e45a0f830743458249012dc1691b45b1710976c280074a0",
                "sha256:0805bd9e98551bc904e487388c871c039878e5bf8fefed26b504dfe505ac91b4",
                "sha256:09025bdda2a17294be015bccab7c1039ed41c95cdbef8915f27006c5204e656c",
                "sha256:3f8b334c59c474e2b92580d7f4fb6503a08c013ae8a877ffc5c252f899d90ac6",
                "sha256:45887ded08a2e819123124b5cec4ec1c7e272a8c453d35fecb6d36e5b8c54717",
                "sha256:587f56d987cfa9397362d2f772b34ea69e61637fc0093807525e94cb919aa027",
                "sha256:71303245ea72cd85e72705ad237eb9d3847cdeff45f4ec81b0fa08ef4941610f",
                "sha256:7fd22790038ea983a5ecf8e77697906f59e9f781873cc8c9d6618bebeed7fb0c",
                "sha256:824e223a0e5a3a7b81025aa35075b4be5eec7251cebb3d305b092bc6f0beacaa",
                "sha256:bb2744c6026fa4dc4fb6b58d7b36d62ce3f669bb785956d1e3705b7bdbc23e3c",
                "sha256:c8a2d8d874b1cf6fb104a777846cfa22224f44ce3bef451ec4ae5160082825f7",
                "sha256:ca958e13128e49674aa4a96f02746f5de5973f39b57297b84d59fd44d314d5b5",
                "sha256:f69bffe7c1ad38be95bbb2c3e5c3f6f4eecb28b2f431a3c3e1532509eea89c92"
            ],
            "version": "==0.2.0"
        },
        "hoedown": {
            "hashes": [
                "sha256:f987998271adbba8cae3d622ebaa566d72e86f0c5af73131a819f7da6ccbeb90"
            ],
            "index": "pypi",
            "version": "==0.3.0"
        },
        "httpagentparser": {
            "hashes": [
                "sha256:3de54dc72098bf5aaaa146fc471aeb6f5a549a3242583f03a9cbccefbd5df239"
            ],
            "index": "pypi",
            "version": "==1.8.1"
        },
        "idna": {
            "hashes": [
                "sha256:156a6814fb5ac1fc6850fb002e0852d56c0c8d2531923a51032d1b70760e186e",
                "sha256:684a38a6f903c1d71d6d5fac066b58d7768af4de2b832e426ec79c30daa94a16"
            ],
            "version": "==2.7"
        },
        "idna-ssl": {
            "hashes": [
                "sha256:a933e3bb13da54383f9e8f35dc4f9cb9eb9b3b78c6b36f311254d6d0d92c6c7c"
            ],
            "version": "==1.1.0"
        },
        "jinja2": {
            "hashes": [
                "sha256:74c935a1b8bb9a3947c50a54766a969d4846290e1e788ea44c1392163723c3bd",
                "sha256:f84be1bb0040caca4cea721fcbbbbd61f9be9464ca236387158b0feea01914a4"
            ],
            "index": "pypi",
            "version": "==2.10"
        },
        "markupsafe": {
            "hashes": [
                "sha256:a6be69091dac236ea9c6bc7d012beab42010fa914c459791d627dad4910eb665"
            ],
            "version": "==1.0"
        },
        "maxminddb": {
            "hashes": [
                "sha256:df1451bcd848199905ac0de4631b3d02d6a655ad28ba5e5a4ca29a23358db712"
            ],
            "version": "==1.4.1"
        },
        "misaka": {
            "hashes": [
                "sha256:87637d90f5f52595d07ed1be93d0576d32632d125694b96b8e4ce55cd4c019fb"
            ],
            "index": "pypi",
            "version": "==2.1.0"
        },
        "motor": {
            "hashes": [
                "sha256:9d8c4a5680c4ecdc1631b59b37551e794ad99b9369b282a809a557c800e63a95",
                "sha256:c4c55f1502e5d517d894f5aad2acbd9d71f8e9f20c51da5d9ad6e7cba5f1ea8c"
            ],
            "index": "pypi",
            "version": "==1.2.2"
        },
        "multidict": {
            "hashes": [
                "sha256:05eeab69bf2b0664644c62bd92fabb045163e5b8d4376a31dfb52ce0210ced7b",
                "sha256:0c85880efa7cadb18e3b5eef0aa075dc9c0a3064cbbaef2e20be264b9cf47a64",
                "sha256:136f5a4a6a4adeacc4dc820b8b22f0a378fb74f326e259c54d1817639d1d40a0",
                "sha256:14906ad3347c7d03e9101749b16611cf2028547716d0840838d3c5e2b3b0f2d3",
                "sha256:1ade4a3b71b1bf9e90c5f3d034a87fe4949c087ef1f6cd727fdd766fe8bbd121",
                "sha256:22939a00a511a59f9ecc0158b8db728afef57975ce3782b3a265a319d05b9b12",
                "sha256:2b86b02d872bc5ba5b3a4530f6a7ba0b541458ab4f7c1429a12ac326231203f7",
                "sha256:3c11e92c3dfc321014e22fb442bc9eb70e01af30d6ce442026b0c35723448c66",
                "sha256:4ba3bd26f282b201fdbce351f1c5d17ceb224cbedb73d6e96e6ce391b354aacc",
                "sha256:4c6e78d042e93751f60672989efbd6a6bc54213ed7ff695fff82784bbb9ea035",
                "sha256:4d80d1901b89cc935a6cf5b9fd89df66565272722fe2e5473168927a9937e0ca",
                "sha256:4fcf71d33178a00cc34a57b29f5dab1734b9ce0f1c97fb34666deefac6f92037",
                "sha256:52f7670b41d4b4d97866ebc38121de8bcb9813128b7c4942b07794d08193c0ab",
                "sha256:5368e2b7649a26b7253c6c9e53241248aab9da49099442f5be238fde436f18c9",
                "sha256:5bb65fbb48999044938f0c0508e929b14a9b8bf4939d8263e9ea6691f7b54663",
                "sha256:60672bb5577472800fcca1ac9dae232d1461db9f20f055184be8ce54b0052572",
                "sha256:669e9be6d148fc0283f53e17dd140cde4dc7c87edac8319147edd5aa2a830771",
                "sha256:6a0b7a804e8d1716aa2c72e73210b48be83d25ba9ec5cf52cf91122285707bb1",
                "sha256:79034ea3da3cf2a815e3e52afdc1f6c1894468c98bdce5d2546fa2342585497f",
                "sha256:79247feeef6abcc11137ad17922e865052f23447152059402fc320f99ff544bb",
                "sha256:81671c2049e6bf42c7fd11a060f8bc58f58b7b3d6f3f951fc0b15e376a6a5a98",
                "sha256:82ac4a5cb56cc9280d4ae52c2d2ebcd6e0668dd0f9ef17f0a9d7c82bd61e24fa",
                "sha256:9436267dbbaa49dad18fbbb54f85386b0f5818d055e7b8e01d219661b6745279",
                "sha256:94e4140bb1343115a1afd6d84ebf8fca5fb7bfb50e1c2cbd6f2fb5d3117ef102",
                "sha256:a2cab366eae8a0ffe0813fd8e335cf0d6b9bb6c5227315f53bb457519b811537",
                "sha256:a596019c3eafb1b0ae07db9f55a08578b43c79adb1fe1ab1fd818430ae59ee6f",
                "sha256:e8848ae3cd6a784c29fae5055028bee9bffcc704d8bcad09bd46b42b44a833e2",
                "sha256:e8a048bfd7d5a280f27527d11449a509ddedf08b58a09a24314828631c099306",
                "sha256:f6dd28a0ac60e2426a6918f36f1b4e2620fc785a0de7654cd206ba842eee57fd"
            ],
            "version": "==4.4.2"
        },
        "pillow": {
            "hashes": [
                "sha256:00203f406818c3f45d47bb8fe7e67d3feddb8dcbbd45a289a1de7dd789226360",
                "sha256:0616f800f348664e694dddb0b0c88d26761dd5e9f34e1ed7b7a7d2da14b40cb7",
                "sha256:1f7908aab90c92ad85af9d2fec5fc79456a89b3adcc26314d2cde0e238bd789e",
                "sha256:2ea3517cd5779843de8a759c2349a3cd8d3893e03ab47053b66d5ec6f8bc4f93",
                "sha256:48a9f0538c91fc136b3a576bee0e7cd174773dc9920b310c21dcb5519722e82c",
                "sha256:5280ebc42641a1283b7b1f2c20e5b936692198b9dd9995527c18b794850be1a8",
                "sha256:5e34e4b5764af65551647f5cc67cf5198c1d05621781d5173b342e5e55bf023b",
                "sha256:63b120421ab85cad909792583f83b6ca3584610c2fe70751e23f606a3c2e87f0",
                "sha256:696b5e0109fe368d0057f484e2e91717b49a03f1e310f857f133a4acec9f91dd",
                "sha256:870ed021a42b1b02b5fe4a739ea735f671a84128c0a666c705db2cb9abd528eb",
                "sha256:916da1c19e4012d06a372127d7140dae894806fad67ef44330e5600d77833581",
                "sha256:9303a289fa0811e1c6abd9ddebfc770556d7c3311cb2b32eff72164ddc49bc64",
                "sha256:9577888ecc0ad7d06c3746afaba339c94d62b59da16f7a5d1cff9e491f23dace",
                "sha256:987e1c94a33c93d9b209315bfda9faa54b8edfce6438a1e93ae866ba20de5956",
                "sha256:99a3bbdbb844f4fb5d6dd59fac836a40749781c1fa63c563bc216c27aef63f60",
                "sha256:99db8dc3097ceafbcff9cb2bff384b974795edeb11d167d391a02c7bfeeb6e16",
                "sha256:a5a96cf49eb580756a44ecf12949e52f211e20bffbf5a95760ac14b1e499cd37",
                "sha256:aa6ca3eb56704cdc0d876fc6047ffd5ee960caad52452fbee0f99908a141a0ae",
                "sha256:aade5e66795c94e4a2b2624affeea8979648d1b0ae3fcee17e74e2c647fc4a8a",
                "sha256:b78905860336c1d292409e3df6ad39cc1f1c7f0964e66844bbc2ebfca434d073",
                "sha256:b92f521cdc4e4a3041cc343625b699f20b0b5f976793fb45681aac1efda565f8",
                "sha256:bfde84bbd6ae5f782206d454b67b7ee8f7f818c29b99fd02bf022fd33bab14cb",
                "sha256:c2b62d3df80e694c0e4a0ed47754c9480521e25642251b3ab1dff050a4e60409",
                "sha256:c5e2be6c263b64f6f7656e23e18a4a9980cffc671442795682e8c4e4f815dd9f",
                "sha256:c99aa3c63104e0818ec566f8ff3942fb7c7a8f35f9912cb63fd8e12318b214b2",
                "sha256:dae06620d3978da346375ebf88b9e2dd7d151335ba668c995aea9ed07af7add4",
                "sha256:db5499d0710823fa4fb88206050d46544e8f0e0136a9a5f5570b026584c8fd74",
                "sha256:f36baafd82119c4a114b9518202f2a983819101dcc14b26e43fc12cbefdce00e",
                "sha256:f52b79c8796d81391ab295b04e520bda6feed54d54931708872e8f9ae9db0ea1",
                "sha256:ff8cff01582fa1a7e533cb97f628531c4014af4b5f38e33cdcfe5eec29b6d888"
            ],
            "index": "pypi",
            "version": "==5.3.0"
        },
        "pycparser": {
            "hashes": [
                "sha256:a988718abfad80b6b157acce7bf130a30876d27603738ac39f140993246b25b3"
            ],
            "version": "==2.19"
        },
        "pycrypto": {
            "hashes": [
                "sha256:f2ce1e989b272cfcb677616763e0a2e7ec659effa67a88aa92b3a65528f60a3c"
            ],
            "index": "pypi",
            "version": "==2.6.1"
        },
        "pymongo": {
            "hashes": [
                "sha256:025f94fc1e1364f00e50badc88c47f98af20012f23317234e51a11333ef986e6",
                "sha256:02aa7fb282606331aefbc0586e2cf540e9dbe5e343493295e7f390936ad2738e",
                "sha256:057210e831573e932702cf332012ed39da78edf0f02d24a3f0b213264a87a397",
                "sha256:0d946b79c56187fe139276d4c8ed612a27a616966c8b9779d6b79e2053587c8b",
                "sha256:104790893b928d310aae8a955e0bdbaa442fb0ac0a33d1bbb0741c791a407778",
                "sha256:15527ef218d95a8717486106553b0d54ff2641e795b65668754e17ab9ca6e381",
                "sha256:1826527a0b032f6e20e7ac7f72d7c26dd476a5e5aa82c04aa1c7088a59fded7d",
                "sha256:22e3aa4ce1c3eebc7f70f9ca7fd4ce1ea33e8bdb7b61996806cd312f08f84a3a",
                "sha256:244e1101e9a48615b9a16cbd194f73c115fdfefc96894803158608115f703b26",
                "sha256:24b8c04fdb633a84829d03909752c385faef249c06114cc8d8e1700b95aae5c8",
                "sha256:2c276696350785d3104412cbe3ac70ab1e3a10c408e7b20599ee41403a3ed630",
                "sha256:2d8474dc833b1182b651b184ace997a7bd83de0f51244de988d3c30e49f07de3",
                "sha256:3119b57fe1d964781e91a53e81532c85ed1701baaddec592e22f6b77a9fdf3df",
                "sha256:3bee8e7e0709b0fcdaa498a3e513bde9ffc7cd09dbceb11e425bd91c89dbd5b6",
                "sha256:436c071e01a464753d30dbfc8768dd93aecf2a8e378e5314d130b95e77b4d612",
                "sha256:46635e3f19ad04d5a7d7cf23d232388ddbfccf46d9a3b7436b6abadda4e84813",
                "sha256:4772e0b679717e7ac4608d996f57b6f380748a919b457cb05bb941467b888b22",
                "sha256:4e2cd80e16f481a62c3175b607373200e714ed29025f21559ebf7524f295689f",
                "sha256:52732960efa0e003ca1c092dc0a3c65276e897681287a788a01ca78dda3b41f0",
                "sha256:55a7de51ec7d1731b2431886d0349146645f2816e5b8eb982d7c49f89472c9f3",
                "sha256:5f8ed5934197a2d4b2087646e98de3e099a237099dcf498b9e38dd3465f74ef4",
                "sha256:64b064124fcbc8eb04a155117dc4d9a336e3cda3f069958fbc44fe70c3c3d1e9",
                "sha256:65958b8e4319f992e85dad59d8081888b97fcdbde5f0d14bc28f2848b92d3ef1",
                "sha256:7683428862e20c6a790c19e64f8ccf487f613fbc83d47e3d532df9c81668d451",
                "sha256:78566d5570c75a127c2491e343dc006798a384f06be588fe9b0cbe5595711559",
                "sha256:7d1cb00c093dbf1d0b16ccf123e79dee3b82608e4a2a88947695f0460eef13ff",
                "sha256:8c74e2a9b594f7962c62cef7680a4cb92a96b4e6e3c2f970790da67cc0213a7e",
                "sha256:8e60aa7699170f55f4b0f56ee6f8415229777ac7e4b4b1aa41fc61eec08c1f1d",
                "sha256:9447b561529576d89d3bf973e5241a88cf76e45bd101963f5236888713dea774",
                "sha256:970055bfeb0be373f2f5299a3db8432444bad3bc2f198753ee6c2a3a781e0959",
                "sha256:a6344b8542e584e140dc3c651d68bde51270e79490aa9320f9e708f9b2c39bd5",
                "sha256:ce309ca470d747b02ba6069d286a17b7df8e9c94d10d727d9cf3a64e51d85184",
                "sha256:cfbd86ed4c2b2ac71bbdbcea6669bf295def7152e3722ddd9dda94ac7981f33d",
                "sha256:d7929c513732dff093481f4a0954ed5ff16816365842136b17caa0b4992e49d3"
            ],
            "version": "==3.7.2"
        },
        "pyocr": {
            "hashes": [
                "sha256:b6ba6263fd92da56627dff6d263d991a2246aacd117d1788f11b93f419ca395f"
            ],
            "index": "pypi",
            "version": "==0.5.3"
        },
        "pytz": {
            "hashes": [
                "sha256:31cb35c89bd7d333cd32c5f278fca91b523b0834369e757f4c5641ea252236ca",
                "sha256:8e0f8568c118d3077b46be7d654cc8167fa916092e28320cde048e54bfc9f1e6"
            ],
            "index": "pypi",
            "version": "==2018.7"
        },
        "pyyaml": {
            "hashes": [
                "sha256:3d7da3009c0f3e783b2c873687652d83b1bbfd5c88e9813fb7e5b03c0dd3108b",
                "sha256:3ef3092145e9b70e3ddd2c7ad59bdd0252a94dfe3949721633e41344de00a6bf",
                "sha256:40c71b8e076d0550b2e6380bada1f1cd1017b882f7e16f09a65be98e017f211a",
                "sha256:558dd60b890ba8fd982e05941927a3911dc409a63dcb8b634feaa0cda69330d3",
                "sha256:a7c28b45d9f99102fa092bb213aa12e0aaf9a6a1f5e395d36166639c1f96c3a1",
                "sha256:aa7dd4a6a427aed7df6fb7f08a580d68d9b118d90310374716ae90b710280af1",
                "sha256:bc558586e6045763782014934bfaf39d48b8ae85a2713117d16c39864085c613",
                "sha256:d46d7982b62e0729ad0175a9bc7e10a566fc07b224d2c79fafb5e032727eaa04",
                "sha256:d5eef459e30b09f5a098b9cea68bebfeb268697f78d647bd255a085371ac7f3f",
                "sha256:e01d3203230e1786cd91ccfdc8f8454c8069c91bee3962ad93b87a4b2860f537",
                "sha256:e170a9e6fcfd19021dd29845af83bb79236068bf5fd4df3327c1be18182b2531"
            ],
            "index": "pypi",
            "version": "==3.13"
        },
        "reportlab": {
            "hashes": [
                "sha256:04ca57bebe2c3e06550aae82a468ac80d97249178f3aca4496872a9ebf8ba391",
                "sha256:1a97e6f06d21682476a12fee60506ea6e8e2f67c180f227a5272e14e2f2cdf5d",
                "sha256:1c9d782cddada11b0c83bd5c3f124fed9ba189c718499f5baecae18c7574cf68",
                "sha256:1ca461c2f4b4e8685fde083b4fca9189f5120881f87bc6ac7e923127cafbf70a",
                "sha256:1cafbe667567d1a34febc00011f097665b705e3cb8bbea307de87a324b318fe8",
                "sha256:22c1515321dad5a372109fdd3a68e25d59c2f06883e56d991670156fb8a675fc",
                "sha256:2725bf2d8ff228a0d7914fcbd70e012fc0435d6489d3cd8e6331a3f545dfb8c7",
                "sha256:30845e210cee64c0ac53f2fa6b8ce8878e5437514bc9527ce2fe71ab5e8c79bb",
                "sha256:3bb05d06c33bf1dee166a375caa2a39f110d6b3504988c2a5591eae4a179eb01",
                "sha256:4894b76d94b2a57696bcecc06606366584b06214af8c231d71499a52d451ccb4",
                "sha256:495603088d81ca80d3a3f5e0587402522c1a2f9d10658e477d7601db73d59718",
                "sha256:4c15800a83c4e7dc1924d8fb2ec1e46ad1a097601d53439e189cfb8999c3c889",
                "sha256:552c4d18eee5037e396eef5132fb0233282d38be43d04cd1ae06dddce848f3b0",
                "sha256:61f2a8efc021ec2f48aa7af854ce2e2d6f4620657dad147ac0dedd6e342abd3a",
                "sha256:6f615ce97b0631450f227edb122cde35b2d597863766c15514d3b4e165109b09",
                "sha256:7c42b12829f5958b60d4a8fc0664db2de98779a0646ef00a6ea39c10f47df374",
                "sha256:7cb5349be994d276fe10425ab4f230fb6cbcdab027287bb6033a96f953cdf5e1",
                "sha256:95914d90df4d72b3e4b0f97dca095bd83bdbbcf50b2e2e5132329c76ecb941c7",
                "sha256:9b91208f4539ef75f4efcd62ef8ce5b476b18b6157bc8b0c7050ebd75eaf22b7",
                "sha256:a7a8acf70d852771c14a5a3be5174233419e7ad17d73a3b9820646346ef62bcb",
                "sha256:b78a465c993edc1a6e0f4184a49570ae8a42f048c9ef855bf65c0cee54b0b8bf",
                "sha256:b93f1a1edef554fa9c0d71091c20797f9289b6ad048b379fc3f62920416e164e",
                "sha256:ba7518c099417eaab0000238984e0f7010602793687891b9ac7f58f9adc1b3a4",
                "sha256:baba0edec7f763143d04e82f3bc4c9fb99d4a43439969f0abaf4788a8a92e452",
                "sha256:bbb807604d98d062275c59d53be431ca7f229aa209fcdf4a878b6a3ac5cabd98",
                "sha256:c8410ce1e2504c083c84b8310f57813469a7efced2485456badcedb63ae1e8f2",
                "sha256:d003f5414291b8112d80e2940b0e1de13f5eab2ca4db0b6a3f4597b95c451351",
                "sha256:f92f81314807cd860f29fe07a1a4100b03910ae6bbfca20a07e02c3b460f4f20"
            ],
            "index": "pypi",
            "version": "==3.5.9"
        },
        "requests": {
            "hashes": [
                "sha256:99dcfdaaeb17caf6e526f32b6a7b780461512ab3f1d992187801694cba42770c",
                "sha256:a84b8c9ab6239b578f22d1c21d51b696dcfe004032bb80ea832398d6909d7279"
            ],
            "version": "==2.20.0"
        },
        "six": {
            "hashes": [
                "sha256:70e8a77beed4562e7f14fe23a786b54f6296e34344c23bc42f07b15018ff98e9",
                "sha256:832dc0e10feb1aa2c68dcc57dbb658f1c7e65b9b61af69048abc87a2db00a0eb"
            ],
            "version": "==1.11.0"
        },
        "smmap2": {
            "hashes": [
                "sha256:0555a7bf4df71d1ef4218e4807bbf9b201f910174e6e08af2e138d4e517b4dde",
                "sha256:29a9ffa0497e7f2be94ca0ed1ca1aa3cd4cf25a1f6b4f5f87f74b46ed91d609a"
            ],
            "version": "==2.0.5"
        },
        "sockjs": {
            "hashes": [
                "sha256:b5112f9cb28fcc00c67a70f6d2be3841bc1794846d1804cc75f067c69191bba8",
                "sha256:c3ea4f1cc9bbd5bf7192b1520f51764cfc3b6b54ed3e0c9d76bfb34ee539f21e"
            ],
            "index": "pypi",
            "version": "==0.9.0"
        },
        "urllib3": {
            "hashes": [
                "sha256:61bf29cada3fc2fbefad4fdf059ea4bd1b4a86d2b6d15e1c7c0b582b9752fe39",
                "sha256:de9529817c93f27c8ccbfead6985011db27bd0ddfcdb2d86f3f663385c6a9c22"
            ],
            "version": "==1.24.1"
        },
        "yarl": {
            "hashes": [
                "sha256:2556b779125621b311844a072e0ed367e8409a18fa12cbd68eb1258d187820f9",
                "sha256:4aec0769f1799a9d4496827292c02a7b1f75c0bab56ab2b60dd94ebb57cbd5ee",
                "sha256:55369d95afaacf2fa6b49c84d18b51f1704a6560c432a0f9a1aeb23f7b971308",
                "sha256:6c098b85442c8fe3303e708bbb775afd0f6b29f77612e8892627bcab4b939357",
                "sha256:9182cd6f93412d32e009020a44d6d170d2093646464a88aeec2aef50592f8c78",
                "sha256:c8cbc21bbfa1dd7d5386d48cc814fe3d35b80f60299cdde9279046f399c3b0d8",
                "sha256:db6f70a4b09cde813a4807843abaaa60f3b15fb4a2a06f9ae9c311472662daa1",
                "sha256:f17495e6fe3d377e3faac68121caef6f974fcb9e046bc075bcff40d8e5cc69a4",
                "sha256:f85900b9cca0c67767bb61b2b9bd53208aaa7373dae633dbe25d179b4bf38aa7"
            ],
            "version": "==1.2.6"
        }
    },
    "develop": {}
}
